
Microsoft Visual Studio Solution File, Format Version 12.00
# Visual Studio 14
VisualStudioVersion = 14.0.23107.0
MinimumVisualStudioVersion = 10.0.40219.1
Project("{FAE04EC0-301F-11D3-BF4B-00C04F79EFBC}") = "Xmmk", "Xmmk\Xmmk.csproj", "{886AFC6E-8958-4773-BC8D-A296009D9D45}"
EndProject
Project("{D954291E-2A0B-460D-934E-DC6B0785DB48}") = "Commons.Music.Midi.Shared", "external\managed-midi\Commons.Music.Midi.Shared\Commons.Music.Midi.Shared.shproj", "{8742663D-9BB6-43D5-887D-0668E550652F}"
EndProject
Project("{FAE04EC0-301F-11D3-BF4B-00C04F79EFBC}") = "Commons.Music.Midi.Desktop", "external\managed-midi\Commons.Music.Midi.Desktop\Commons.Music.Midi.Desktop.csproj", "{59EEFB0D-3957-43FC-8272-C3B460F7FF84}"
EndProject
Project("{FAE04EC0-301F-11D3-BF4B-00C04F79EFBC}") = "alsa-sharp", "external\managed-midi\external\alsa-sharp\alsa-sharp\alsa-sharp.csproj", "{D8537EB3-C573-43D6-914A-455D6AC5AA11}"
EndProject
Project("{D954291E-2A0B-460D-934E-DC6B0785DB48}") = "Commons.Music.Midi.DesktopShared", "external\managed-midi\Commons.Music.Midi.DesktopShared\Commons.Music.Midi.DesktopShared.shproj", "{ACB7F202-3B4C-4859-B9BE-ADE6B6726DB0}"
EndProject
Project("{D954291E-2A0B-460D-934E-DC6B0785DB48}") = "Commons.Music.Midi.CoreMidiShared", "external\managed-midi\Commons.Music.Midi.CoreMidiShared\Commons.Music.Midi.CoreMidiShared.shproj", "{6197A7EE-4469-4FFA-BC33-F180A2877580}"
EndProject
Global
	GlobalSection(SolutionConfigurationPlatforms) = preSolution
		Debug|Any CPU = Debug|Any CPU
		Debug|x86 = Debug|x86
		Release|Any CPU = Release|Any CPU
		Release|x86 = Release|x86
	EndGlobalSection
	GlobalSection(ProjectConfigurationPlatforms) = postSolution
		{886AFC6E-8958-4773-BC8D-A296009D9D45}.Debug|Any CPU.ActiveCfg = Debug|x86
		{886AFC6E-8958-4773-BC8D-A296009D9D45}.Release|Any CPU.ActiveCfg = Release|x86
		{886AFC6E-8958-4773-BC8D-A296009D9D45}.Debug|Any CPU.Build.0 = Debug|x86
		{886AFC6E-8958-4773-BC8D-A296009D9D45}.Release|Any CPU.Build.0 = Release|x86
		{59EEFB0D-3957-43FC-8272-C3B460F7FF84}.Debug|Any CPU.ActiveCfg = Debug|Any CPU
		{59EEFB0D-3957-43FC-8272-C3B460F7FF84}.Debug|Any CPU.Build.0 = Debug|Any CPU
		{59EEFB0D-3957-43FC-8272-C3B460F7FF84}.Release|Any CPU.ActiveCfg = Release|Any CPU
		{59EEFB0D-3957-43FC-8272-C3B460F7FF84}.Release|Any CPU.Build.0 = Release|Any CPU
		{D8537EB3-C573-43D6-914A-455D6AC5AA11}.Debug|Any CPU.ActiveCfg = Debug|Any CPU
		{D8537EB3-C573-43D6-914A-455D6AC5AA11}.Debug|Any CPU.Build.0 = Debug|Any CPU
		{D8537EB3-C573-43D6-914A-455D6AC5AA11}.Debug|x86.ActiveCfg = Debug|Any CPU
		{D8537EB3-C573-43D6-914A-455D6AC5AA11}.Debug|x86.Build.0 = Debug|Any CPU
		{D8537EB3-C573-43D6-914A-455D6AC5AA11}.Release|Any CPU.ActiveCfg = Release|Any CPU
		{D8537EB3-C573-43D6-914A-455D6AC5AA11}.Release|Any CPU.Build.0 = Release|Any CPU
		{D8537EB3-C573-43D6-914A-455D6AC5AA11}.Release|x86.ActiveCfg = Release|Any CPU
		{D8537EB3-C573-43D6-914A-455D6AC5AA11}.Release|x86.Build.0 = Release|Any CPU
	EndGlobalSection
	GlobalSection(SolutionProperties) = preSolution
		HideSolutionNode = FALSE
	EndGlobalSection
EndGlobal
